
Microsoft Visual Studio Solution File, Format Version 12.00
# Visual Studio Version 17
VisualStudioVersion = 17.11.35327.3
MinimumVisualStudioVersion = 10.0.40219.1
Project("{FAE04EC0-301F-11D3-BF4B-00C04F79EFBC}") = "TodoAppWPF", "TodoAppWPF\TodoAppWPF.csproj", "{CCC07557-870B-4791-87A8-996009DB5909}"
EndProject
Project("{FAE04EC0-301F-11D3-BF4B-00C04F79EFBC}") = "TestingToDoList", "TestingToDoList\TestingToDoList.csproj", "{BCF99DF8-E863-402B-BC48-B18549B66487}"
EndProject
Global
	GlobalSection(SolutionConfigurationPlatforms) = preSolution
		Debug|Any CPU = Debug|Any CPU
		Release|Any CPU = Release|Any CPU
	EndGlobalSection
	GlobalSection(ProjectConfigurationPlatforms) = postSolution
		{CCC07557-870B-4791-87A8-996009DB5909}.Debug|Any CPU.ActiveCfg = Debug|Any CPU
		{CCC07557-870B-4791-87A8-996009DB5909}.Debug|Any CPU.Build.0 = Debug|Any CPU
		{CCC07557-870B-4791-87A8-996009DB5909}.Release|Any CPU.ActiveCfg = Release|Any CPU
		{CCC07557-870B-4791-87A8-996009DB5909}.Release|Any CPU.Build.0 = Release|Any CPU
		{BCF99DF8-E863-402B-BC48-B18549B66487}.Debug|Any CPU.ActiveCfg = Debug|Any CPU
		{BCF99DF8-E863-402B-BC48-B18549B66487}.Debug|Any CPU.Build.0 = Debug|Any CPU
		{BCF99DF8-E863-402B-BC48-B18549B66487}.Release|Any CPU.ActiveCfg = Release|Any CPU
		{BCF99DF8-E863-402B-BC48-B18549B66487}.Release|Any CPU.Build.0 = Release|Any CPU
	EndGlobalSection
	GlobalSection(SolutionProperties) = preSolution
		HideSolutionNode = FALSE
	EndGlobalSection
	GlobalSection(ExtensibilityGlobals) = postSolution
		SolutionGuid = {6B56C8D8-84B8-49F8-BBEA-ACF95E449744}
	EndGlobalSection
EndGlobal
